// !$*UTF8*$!
{
	archiveVersion = 1;
	classes = {
	};
	objectVersion = 50;
	objects = {

/* Begin PBXBuildFile section */
		E3BD31A523029CE6000C81EB /* AppDelegate.swift in Sources */ = {isa = PBXBuildFile; fileRef = E3BD31A423029CE6000C81EB /* AppDelegate.swift */; };
		E3BD31A723029CE6000C81EB /* CompaniesController.swift in Sources */ = {isa = PBXBuildFile; fileRef = E3BD31A623029CE6000C81EB /* CompaniesController.swift */; };
		E3BD31AA23029CE6000C81EB /* Main.storyboard in Resources */ = {isa = PBXBuildFile; fileRef = E3BD31A823029CE6000C81EB /* Main.storyboard */; };
		E3BD31AC23029CE7000C81EB /* Assets.xcassets in Resources */ = {isa = PBXBuildFile; fileRef = E3BD31AB23029CE7000C81EB /* Assets.xcassets */; };
		E3BD31AF23029CE7000C81EB /* LaunchScreen.storyboard in Resources */ = {isa = PBXBuildFile; fileRef = E3BD31AD23029CE7000C81EB /* LaunchScreen.storyboard */; };
		E3BD31B72302A41C000C81EB /* CustomNavigationController.swift in Sources */ = {isa = PBXBuildFile; fileRef = E3BD31B62302A41C000C81EB /* CustomNavigationController.swift */; };
		E3BD31B92302B129000C81EB /* UIColor+theme.swift in Sources */ = {isa = PBXBuildFile; fileRef = E3BD31B82302B129000C81EB /* UIColor+theme.swift */; };
		E3BD31BB2302BE0E000C81EB /* Company.swift in Sources */ = {isa = PBXBuildFile; fileRef = E3BD31BA2302BE0E000C81EB /* Company.swift */; };
/* End PBXBuildFile section */

/* Begin PBXFileReference section */
		E3BD31A123029CE6000C81EB /* CompanyCoreData.app */ = {isa = PBXFileReference; explicitFileType = wrapper.application; includeInIndex = 0; path = CompanyCoreData.app; sourceTree = BUILT_PRODUCTS_DIR; };
		E3BD31A423029CE6000C81EB /* AppDelegate.swift */ = {isa = PBXFileReference; lastKnownFileType = sourcecode.swift; path = AppDelegate.swift; sourceTree = "<group>"; };
		E3BD31A623029CE6000C81EB /* CompaniesController.swift */ = {isa = PBXFileReference; lastKnownFileType = sourcecode.swift; path = CompaniesController.swift; sourceTree = "<group>"; };
		E3BD31A923029CE6000C81EB /* Base */ = {isa = PBXFileReference; lastKnownFileType = file.storyboard; name = Base; path = Base.lproj/Main.storyboard; sourceTree = "<group>"; };
		E3BD31AB23029CE7000C81EB /* Assets.xcassets */ = {isa = PBXFileReference; lastKnownFileType = folder.assetcatalog; path = Assets.xcassets; sourceTree = "<group>"; };
		E3BD31AE23029CE7000C81EB /* Base */ = {isa = PBXFileReference; lastKnownFileType = file.storyboard; name = Base; path = Base.lproj/LaunchScreen.storyboard; sourceTree = "<group>"; };
		E3BD31B023029CE7000C81EB /* Info.plist */ = {isa = PBXFileReference; lastKnownFileType = text.plist.xml; path = Info.plist; sourceTree = "<group>"; };
		E3BD31B62302A41C000C81EB /* CustomNavigationController.swift */ = {isa = PBXFileReference; lastKnownFileType = sourcecode.swift; path = CustomNavigationController.swift; sourceTree = "<group>"; };
		E3BD31B82302B129000C81EB /* UIColor+theme.swift */ = {isa = PBXFileReference; lastKnownFileType = sourcecode.swift; path = "UIColor+theme.swift"; sourceTree = "<group>"; };
		E3BD31BA2302BE0E000C81EB /* Company.swift */ = {isa = PBXFileReference; lastKnownFileType = sourcecode.swift; path = Company.swift; sourceTree = "<group>"; };
/* End PBXFileReference section */

/* Begin PBXFrameworksBuildPhase section */
		E3BD319E23029CE6000C81EB /* Frameworks */ = {
			isa = PBXFrameworksBuildPhase;
			buildActionMask = 2147483647;
			files = (
			);
			runOnlyForDeploymentPostprocessing = 0;
		};
/* End PBXFrameworksBuildPhase section */

/* Begin PBXGroup section */
		E3BD319823029CE6000C81EB = {
			isa = PBXGroup;
			children = (
				E3BD31A323029CE6000C81EB /* CompanyCoreData */,
				E3BD31A223029CE6000C81EB /* Products */,
			);
			sourceTree = "<group>";
		};
		E3BD31A223029CE6000C81EB /* Products */ = {
			isa = PBXGroup;
			children = (
				E3BD31A123029CE6000C81EB /* CompanyCoreData.app */,
			);
			name = Products;
			sourceTree = "<group>";
		};
		E3BD31A323029CE6000C81EB /* CompanyCoreData */ = {
			isa = PBXGroup;
			children = (
				E3BD31A423029CE6000C81EB /* AppDelegate.swift */,
				E3BD31A623029CE6000C81EB /* CompaniesController.swift */,
				E3BD31A823029CE6000C81EB /* Main.storyboard */,
				E3BD31AB23029CE7000C81EB /* Assets.xcassets */,
				E3BD31AD23029CE7000C81EB /* LaunchScreen.storyboard */,
				E3BD31B023029CE7000C81EB /* Info.plist */,
				E3BD31B62302A41C000C81EB /* CustomNavigationController.swift */,
				E3BD31B82302B129000C81EB /* UIColor+theme.swift */,
				E3BD31BA2302BE0E000C81EB /* Company.swift */,
			);
			path = CompanyCoreData;
			sourceTree = "<group>";
		};
/* End PBXGroup section */

/* Begin PBXNativeTarget section */
		E3BD31A023029CE6000C81EB /* CompanyCoreData */ = {
			isa = PBXNativeTarget;
			buildConfigurationList = E3BD31B323029CE7000C81EB /* Build configuration list for PBXNativeTarget "CompanyCoreData" */;
			buildPhases = (
				E3BD319D23029CE6000C81EB /* Sources */,
				E3BD319E23029CE6000C81EB /* Frameworks */,
				E3BD319F23029CE6000C81EB /* Resources */,
			);
			buildRules = (
			);
			dependencies = (
			);
			name = CompanyCoreData;
			productName = CompanyCoreData;
			productReference = E3BD31A123029CE6000C81EB /* CompanyCoreData.app */;
			productType = "com.apple.product-type.application";
		};
/* End PBXNativeTarget section */

/* Begin PBXProject section */
		E3BD319923029CE6000C81EB /* Project object */ = {
			isa = PBXProject;
			attributes = {
				LastSwiftUpdateCheck = 1030;
				LastUpgradeCheck = 1030;
				ORGANIZATIONNAME = "Myo Thura Zaw";
				TargetAttributes = {
					E3BD31A023029CE6000C81EB = {
						CreatedOnToolsVersion = 10.3;
					};
				};
			};
			buildConfigurationList = E3BD319C23029CE6000C81EB /* Build configuration list for PBXProject "CompanyCoreData" */;
			compatibilityVersion = "Xcode 9.3";
			developmentRegion = en;
			hasScannedForEncodings = 0;
			knownRegions = (
				en,
				Base,
			);
			mainGroup = E3BD319823029CE6000C81EB;
			productRefGroup = E3BD31A223029CE6000C81EB /* Products */;
			projectDirPath = "";
			projectRoot = "";
			targets = (
				E3BD31A023029CE6000C81EB /* CompanyCoreData */,
			);
		};
/* End PBXProject section */

/* Begin PBXResourcesBuildPhase section */
		E3BD319F23029CE6000C81EB /* Resources */ = {
			isa = PBXResourcesBuildPhase;
			buildActionMask = 2147483647;
			files = (
				E3BD31AF23029CE7000C81EB /* LaunchScreen.storyboard in Resources */,
				E3BD31AC23029CE7000C81EB /* Assets.xcassets in Resources */,
				E3BD31AA23029CE6000C81EB /* Main.storyboard in Resources */,
			);
			runOnlyForDeploymentPostprocessing = 0;
		};
/* End PBXResourcesBuildPhase section */

/* Begin PBXSourcesBuildPhase section */
		E3BD319D23029CE6000C81EB /* Sources */ = {
			isa = PBXSourcesBuildPhase;
			buildActionMask = 2147483647;
			files = (
				E3BD31B72302A41C000C81EB /* CustomNavigationController.swift in Sources */,
				E3BD31B92302B129000C81EB /* UIColor+theme.swift in Sources */,
				E3BD31A723029CE6000C81EB /* CompaniesController.swift in Sources */,
				E3BD31BB2302BE0E000C81EB /* Company.swift in Sources */,
				E3BD31A523029CE6000C81EB /* AppDelegate.swift in Sources */,
			);
			runOnlyForDeploymentPostprocessing = 0;
		};
/* End PBXSourcesBuildPhase section */

/* Begin PBXVariantGroup section */
		E3BD31A823029CE6000C81EB /* Main.storyboard */ = {
			isa = PBXVariantGroup;
			children = (
				E3BD31A923029CE6000C81EB /* Base */,
			);
			name = Main.storyboard;
			sourceTree = "<group>";
		};
		E3BD31AD23029CE7000C81EB /* LaunchScreen.storyboard */ = {
			isa = PBXVariantGroup;
			children = (
				E3BD31AE23029CE7000C81EB /* Base */,
			);
			name = LaunchScreen.storyboard;
			sourceTree = "<group>";
		};
/* End PBXVariantGroup section */

/* Begin XCBuildConfiguration section */
		E3BD31B123029CE7000C81EB /* Debug */ = {
			isa = XCBuildConfiguration;
			buildSettings = {
				ALWAYS_SEARCH_USER_PATHS = NO;
				CLANG_ANALYZER_NONNULL = YES;
				CLANG_ANALYZER_NUMBER_OBJECT_CONVERSION = YES_AGGRESSIVE;
				CLANG_CXX_LANGUAGE_STANDARD = "gnu++14";
				CLANG_CXX_LIBRARY = "libc++";
				CLANG_ENABLE_MODULES = YES;
				CLANG_ENABLE_OBJC_ARC = YES;
				CLANG_ENABLE_OBJC_WEAK = YES;
				CLANG_WARN_BLOCK_CAPTURE_AUTORELEASING = YES;
				CLANG_WARN_BOOL_CONVERSION = YES;
				CLANG_WARN_COMMA = YES;
				CLANG_WARN_CONSTANT_CONVERSION = YES;
				CLANG_WARN_DEPRECATED_OBJC_IMPLEMENTATIONS = YES;
				CLANG_WARN_DIRECT_OBJC_ISA_USAGE = YES_ERROR;
				CLANG_WARN_DOCUMENTATION_COMMENTS = YES;
				CLANG_WARN_EMPTY_BODY = YES;
				CLANG_WARN_ENUM_CONVERSION = YES;
				CLANG_WARN_INFINITE_RECURSION = YES;
				CLANG_WARN_INT_CONVERSION = YES;
				CLANG_WARN_NON_LITERAL_NULL_CONVERSION = YES;
				CLANG_WARN_OBJC_IMPLICIT_RETAIN_SELF = YES;
				CLANG_WARN_OBJC_LITERAL_CONVERSION = YES;
				CLANG_WARN_OBJC_ROOT_CLASS = YES_ERROR;
				CLANG_WARN_RANGE_LOOP_ANALYSIS = YES;
				CLANG_WARN_STRICT_PROTOTYPES = YES;
				CLANG_WARN_SUSPICIOUS_MOVE = YES;
				CLANG_WARN_UNGUARDED_AVAILABILITY = YES_AGGRESSIVE;
				CLANG_WARN_UNREACHABLE_CODE = YES;
				CLANG_WARN__DUPLICATE_METHOD_MATCH = YES;
				CODE_SIGN_IDENTITY = "iPhone Developer";
				COPY_PHASE_STRIP = NO;
				DEBUG_INFORMATION_FORMAT = dwarf;
				ENABLE_STRICT_OBJC_MSGSEND = YES;
				ENABLE_TESTABILITY = YES;
				GCC_C_LANGUAGE_STANDARD = gnu11;
				GCC_DYNAMIC_NO_PIC = NO;
				GCC_NO_COMMON_BLOCKS = YES;
				GCC_OPTIMIZATION_LEVEL = 0;
				GCC_PREPROCESSOR_DEFINITIONS = (
					"DEBUG=1",
					"$(inherited)",
				);
				GCC_WARN_64_TO_32_BIT_CONVERSION = YES;
				GCC_WARN_ABOUT_RETURN_TYPE = YES_ERROR;
				GCC_WARN_UNDECLARED_SELECTOR = YES;
				GCC_WARN_UNINITIALIZED_AUTOS = YES_AGGRESSIVE;
				GCC_WARN_UNUSED_FUNCTION = YES;
				GCC_WARN_UNUSED_VARIABLE = YES;
				IPHONEOS_DEPLOYMENT_TARGET = 12.4;
				MTL_ENABLE_DEBUG_INFO = INCLUDE_SOURCE;
				MTL_FAST_MATH = YES;
				ONLY_ACTIVE_ARCH = YES;
				SDKROOT = iphoneos;
				SWIFT_ACTIVE_COMPILATION_CONDITIONS = DEBUG;
				SWIFT_OPTIMIZATION_LEVEL = "-Onone";
			};
			name = Debug;
		};
		E3BD31B223029CE7000C81EB /* Release */ = {
			isa = XCBuildConfiguration;
			buildSettings = {
				ALWAYS_SEARCH_USER_PATHS = NO;
				CLANG_ANALYZER_NONNULL = YES;
				CLANG_ANALYZER_NUMBER_OBJECT_CONVERSION = YES_AGGRESSIVE;
				CLANG_CXX_LANGUAGE_STANDARD = "gnu++14";
				CLANG_CXX_LIBRARY = "libc++";
				CLANG_ENABLE_MODULES = YES;
				CLANG_ENABLE_OBJC_ARC = YES;
				CLANG_ENABLE_OBJC_WEAK = YES;
				CLANG_WARN_BLOCK_CAPTURE_AUTORELEASING = YES;
				CLANG_WARN_BOOL_CONVERSION = YES;
				CLANG_WARN_COMMA = YES;
				CLANG_WARN_CONSTANT_CONVERSION = YES;
				CLANG_WARN_DEPRECATED_OBJC_IMPLEMENTATIONS = YES;
				CLANG_WARN_DIRECT_OBJC_ISA_USAGE = YES_ERROR;
				CLANG_WARN_DOCUMENTATION_COMMENTS = YES;
				CLANG_WARN_EMPTY_BODY = YES;
				CLANG_WARN_ENUM_CONVERSION = YES;
				CLANG_WARN_INFINITE_RECURSION = YES;
				CLANG_WARN_INT_CONVERSION = YES;
				CLANG_WARN_NON_LITERAL_NULL_CONVERSION = YES;
				CLANG_WARN_OBJC_IMPLICIT_RETAIN_SELF = YES;
				CLANG_WARN_OBJC_LITERAL_CONVERSION = YES;
				CLANG_WARN_OBJC_ROOT_CLASS = YES_ERROR;
				CLANG_WARN_RANGE_LOOP_ANALYSIS = YES;
				CLANG_WARN_STRICT_PROTOTYPES = YES;
				CLANG_WARN_SUSPICIOUS_MOVE = YES;
				CLANG_WARN_UNGUARDED_AVAILABILITY = YES_AGGRESSIVE;
				CLANG_WARN_UNREACHABLE_CODE = YES;
				CLANG_WARN__DUPLICATE_METHOD_MATCH = YES;
				CODE_SIGN_IDENTITY = "iPhone Developer";
				COPY_PHASE_STRIP = NO;
				DEBUG_INFORMATION_FORMAT = "dwarf-with-dsym";
				ENABLE_NS_ASSERTIONS = NO;
				ENABLE_STRICT_OBJC_MSGSEND = YES;
				GCC_C_LANGUAGE_STANDARD = gnu11;
				GCC_NO_COMMON_BLOCKS = YES;
				GCC_WARN_64_TO_32_BIT_CONVERSION = YES;
				GCC_WARN_ABOUT_RETURN_TYPE = YES_ERROR;
				GCC_WARN_UNDECLARED_SELECTOR = YES;
				GCC_WARN_UNINITIALIZED_AUTOS = YES_AGGRESSIVE;
				GCC_WARN_UNUSED_FUNCTION = YES;
				GCC_WARN_UNUSED_VARIABLE = YES;
				IPHONEOS_DEPLOYMENT_TARGET = 12.4;
				MTL_ENABLE_DEBUG_INFO = NO;
				MTL_FAST_MATH = YES;
				SDKROOT = iphoneos;
				SWIFT_COMPILATION_MODE = wholemodule;
				SWIFT_OPTIMIZATION_LEVEL = "-O";
				VALIDATE_PRODUCT = YES;
			};
			name = Release;
		};
		E3BD31B423029CE7000C81EB /* Debug */ = {
			isa = XCBuildConfiguration;
			buildSettings = {
				ASSETCATALOG_COMPILER_APPICON_NAME = AppIcon;
				CODE_SIGN_STYLE = Automatic;
				INFOPLIST_FILE = CompanyCoreData/Info.plist;
				LD_RUNPATH_SEARCH_PATHS = (
					"$(inherited)",
					"@executable_path/Frameworks",
				);
				PRODUCT_BUNDLE_IDENTIFIER = com.myothurazaw.CompanyCoreData;
				PRODUCT_NAME = "$(TARGET_NAME)";
				SWIFT_VERSION = 5.0;
				TARGETED_DEVICE_FAMILY = "1,2";
			};
			name = Debug;
		};
		E3BD31B523029CE7000C81EB /* Release */ = {
			isa = XCBuildConfiguration;
			buildSettings = {
				ASSETCATALOG_COMPILER_APPICON_NAME = AppIcon;
				CODE_SIGN_STYLE = Automatic;
				INFOPLIST_FILE = CompanyCoreData/Info.plist;
				LD_RUNPATH_SEARCH_PATHS = (
					"$(inherited)",
					"@executable_path/Frameworks",
				);
				PRODUCT_BUNDLE_IDENTIFIER = com.myothurazaw.CompanyCoreData;
				PRODUCT_NAME = "$(TARGET_NAME)";
				SWIFT_VERSION = 5.0;
				TARGETED_DEVICE_FAMILY = "1,2";
			};
			name = Release;
		};
/* End XCBuildConfiguration section */

/* Begin XCConfigurationList section */
		E3BD319C23029CE6000C81EB /* Build configuration list for PBXProject "CompanyCoreData" */ = {
			isa = XCConfigurationList;
			buildConfigurations = (
				E3BD31B123029CE7000C81EB /* Debug */,
				E3BD31B223029CE7000C81EB /* Release */,
			);
			defaultConfigurationIsVisible = 0;
			defaultConfigurationName = Release;
		};
		E3BD31B323029CE7000C81EB /* Build configuration list for PBXNativeTarget "CompanyCoreData" */ = {
			isa = XCConfigurationList;
			buildConfigurations = (
				E3BD31B423029CE7000C81EB /* Debug */,
				E3BD31B523029CE7000C81EB /* Release */,
			);
			defaultConfigurationIsVisible = 0;
			defaultConfigurationName = Release;
		};
/* End XCConfigurationList section */
	};
	rootObject = E3BD319923029CE6000C81EB /* Project object */;
}
